
Microsoft Visual Studio Solution File, Format Version 12.00
# Visual Studio Version 17
VisualStudioVersion = 17.4.33205.214
MinimumVisualStudioVersion = 10.0.40219.1
Project("{FAE04EC0-301F-11D3-BF4B-00C04F79EFBC}") = "GatewayService.Api", "src\GatewayService.Api\GatewayService.Api.csproj", "{12966573-34FA-4E78-9A0D-CA67809C8FC2}"
EndProject
Global
	GlobalSection(SolutionConfigurationPlatforms) = preSolution
		Debug|Any CPU = Debug|Any CPU
		Release|Any CPU = Release|Any CPU
	EndGlobalSection
	GlobalSection(ProjectConfigurationPlatforms) = postSolution
		{12966573-34FA-4E78-9A0D-CA67809C8FC2}.Debug|Any CPU.ActiveCfg = Debug|Any CPU
		{12966573-34FA-4E78-9A0D-CA67809C8FC2}.Debug|Any CPU.Build.0 = Debug|Any CPU
		{12966573-34FA-4E78-9A0D-CA67809C8FC2}.Release|Any CPU.ActiveCfg = Release|Any CPU
		{12966573-34FA-4E78-9A0D-CA67809C8FC2}.Release|Any CPU.Build.0 = Release|Any CPU
	EndGlobalSection
	GlobalSection(SolutionProperties) = preSolution
		HideSolutionNode = FALSE
	EndGlobalSection
	GlobalSection(ExtensibilityGlobals) = postSolution
		SolutionGuid = {DEA26147-6F6B-4554-A933-2AFE116AE162}
	EndGlobalSection
EndGlobal
