
Microsoft Visual Studio Solution File, Format Version 12.00
# Visual Studio Version 17
VisualStudioVersion = 17.4.33205.214
MinimumVisualStudioVersion = 10.0.40219.1
Project("{9A19103F-16F7-4668-BE54-9A1E7A4F7556}") = "LibrarySevice.Api", "src\LibraryService.Api\LibrarySevice.Api.csproj", "{DDF47AD7-8EDA-4080-92B4-13B83A076460}"
EndProject
Project("{9A19103F-16F7-4668-BE54-9A1E7A4F7556}") = "LibrarySevice.BussinesLogic", "src\LibraryService.BussinesLogic\LibrarySevice.BussinesLogic.csproj", "{FC67FF1A-2428-4F97-86A5-7DD8870947F3}"
EndProject
Project("{9A19103F-16F7-4668-BE54-9A1E7A4F7556}") = "LibrarySevice.DataAccess", "src\LibraryService.DataAccess\LibrarySevice.DataAccess.csproj", "{C939F804-7FAE-4300-A6AF-27394C692278}"
EndProject
Project("{9A19103F-16F7-4668-BE54-9A1E7A4F7556}") = "LibraryService.UnitTests", "tests\LibraryService.Tests\LibraryService.UnitTests.csproj", "{6A67EEC6-5171-43B9-8CC5-16EE04001180}"
EndProject
Global
	GlobalSection(SolutionConfigurationPlatforms) = preSolution
		Debug|Any CPU = Debug|Any CPU
		Release|Any CPU = Release|Any CPU
	EndGlobalSection
	GlobalSection(ProjectConfigurationPlatforms) = postSolution
		{DDF47AD7-8EDA-4080-92B4-13B83A076460}.Debug|Any CPU.ActiveCfg = Debug|Any CPU
		{DDF47AD7-8EDA-4080-92B4-13B83A076460}.Debug|Any CPU.Build.0 = Debug|Any CPU
		{DDF47AD7-8EDA-4080-92B4-13B83A076460}.Release|Any CPU.ActiveCfg = Release|Any CPU
		{DDF47AD7-8EDA-4080-92B4-13B83A076460}.Release|Any CPU.Build.0 = Release|Any CPU
		{FC67FF1A-2428-4F97-86A5-7DD8870947F3}.Debug|Any CPU.ActiveCfg = Debug|Any CPU
		{FC67FF1A-2428-4F97-86A5-7DD8870947F3}.Debug|Any CPU.Build.0 = Debug|Any CPU
		{FC67FF1A-2428-4F97-86A5-7DD8870947F3}.Release|Any CPU.ActiveCfg = Release|Any CPU
		{FC67FF1A-2428-4F97-86A5-7DD8870947F3}.Release|Any CPU.Build.0 = Release|Any CPU
		{C939F804-7FAE-4300-A6AF-27394C692278}.Debug|Any CPU.ActiveCfg = Debug|Any CPU
		{C939F804-7FAE-4300-A6AF-27394C692278}.Debug|Any CPU.Build.0 = Debug|Any CPU
		{C939F804-7FAE-4300-A6AF-27394C692278}.Release|Any CPU.ActiveCfg = Release|Any CPU
		{C939F804-7FAE-4300-A6AF-27394C692278}.Release|Any CPU.Build.0 = Release|Any CPU
		{6A67EEC6-5171-43B9-8CC5-16EE04001180}.Debug|Any CPU.ActiveCfg = Debug|Any CPU
		{6A67EEC6-5171-43B9-8CC5-16EE04001180}.Debug|Any CPU.Build.0 = Debug|Any CPU
		{6A67EEC6-5171-43B9-8CC5-16EE04001180}.Release|Any CPU.ActiveCfg = Release|Any CPU
		{6A67EEC6-5171-43B9-8CC5-16EE04001180}.Release|Any CPU.Build.0 = Release|Any CPU
	EndGlobalSection
	GlobalSection(SolutionProperties) = preSolution
		HideSolutionNode = FALSE
	EndGlobalSection
	GlobalSection(ExtensibilityGlobals) = postSolution
		SolutionGuid = {D2F8BA6A-C100-4B1F-9874-15FD38FC36F7}
	EndGlobalSection
EndGlobal
